
Microsoft Visual Studio Solution File, Format Version 12.00
# Visual Studio 15
VisualStudioVersion = 15.0.28307.902
MinimumVisualStudioVersion = 10.0.40219.1
Project("{FAE04EC0-301F-11D3-BF4B-00C04F79EFBC}") = "DungeonsGame", "DungeonsGame\DungeonsGame.csproj", "{B5DAB565-E916-45A3-8689-6A2D0AF2EF79}"
EndProject
Global
	GlobalSection(SolutionConfigurationPlatforms) = preSolution
		Debug|x86 = Debug|x86
		Release|x86 = Release|x86
	EndGlobalSection
	GlobalSection(ProjectConfigurationPlatforms) = postSolution
		{B5DAB565-E916-45A3-8689-6A2D0AF2EF79}.Debug|x86.ActiveCfg = Debug|x86
		{B5DAB565-E916-45A3-8689-6A2D0AF2EF79}.Debug|x86.Build.0 = Debug|x86
		{B5DAB565-E916-45A3-8689-6A2D0AF2EF79}.Release|x86.ActiveCfg = Release|x86
		{B5DAB565-E916-45A3-8689-6A2D0AF2EF79}.Release|x86.Build.0 = Release|x86
	EndGlobalSection
	GlobalSection(SolutionProperties) = preSolution
		HideSolutionNode = FALSE
	EndGlobalSection
	GlobalSection(ExtensibilityGlobals) = postSolution
		SolutionGuid = {EF1BA153-DE05-4A68-88A2-F25E001B25E8}
	EndGlobalSection
EndGlobal
